Microsoft Visual Studio Solution File, Format Version 12.00
# Visual Studio Version 17
VisualStudioVersion = 17.5.2.0
MinimumVisualStudioVersion = 10.0.40219.1
Project("{FAE04EC0-301F-11D3-BF4B-00C04F79EFBC}") = "Elements.Playground", "Elements.Playground.csproj", "{F57C9966-4C39-CF4F-8F35-AAFECDA140AB}"
EndProject
Global
	GlobalSection(SolutionConfigurationPlatforms) = preSolution
		Debug|Any CPU = Debug|Any CPU
		Release|Any CPU = Release|Any CPU
	EndGlobalSection
	GlobalSection(ProjectConfigurationPlatforms) = postSolution
		{F57C9966-4C39-CF4F-8F35-AAFECDA140AB}.Debug|Any CPU.ActiveCfg = Debug|Any CPU
		{F57C9966-4C39-CF4F-8F35-AAFECDA140AB}.Debug|Any CPU.Build.0 = Debug|Any CPU
		{F57C9966-4C39-CF4F-8F35-AAFECDA140AB}.Release|Any CPU.ActiveCfg = Release|Any CPU
		{F57C9966-4C39-CF4F-8F35-AAFECDA140AB}.Release|Any CPU.Build.0 = Release|Any CPU
	EndGlobalSection
	GlobalSection(SolutionProperties) = preSolution
		HideSolutionNode = FALSE
	EndGlobalSection
	GlobalSection(ExtensibilityGlobals) = postSolution
		SolutionGuid = {5590E8F7-4E31-44D2-9095-EA3C43D7F67A}
	EndGlobalSection
EndGlobal
